
Microsoft Visual Studio Solution File, Format Version 12.00
# Visual Studio 15
VisualStudioVersion = 15.0.27004.2002
MinimumVisualStudioVersion = 10.0.40219.1
Project("{FAE04EC0-301F-11D3-BF4B-00C04F79EFBC}") = "Lesson4", "Lesson4\Lesson4.csproj", "{F6E71100-EF5D-407B-8DF5-7B1CC61E6343}"
EndProject
Project("{FAE04EC0-301F-11D3-BF4B-00C04F79EFBC}") = "Lesson5", "Lesson5\Lesson5.csproj", "{A8C49CA6-C254-4A2E-B9E4-9773E7D01F0E}"
EndProject
Project("{FAE04EC0-301F-11D3-BF4B-00C04F79EFBC}") = "Lesson2", "Lesson2\Lesson2.csproj", "{7373E4FC-1002-4772-98DD-326D7775FF61}"
EndProject
Project("{FAE04EC0-301F-11D3-BF4B-00C04F79EFBC}") = "Lesson3", "Lesson3\Lesson3.csproj", "{E4D2CE21-9A80-4D13-9CBC-093CF287E0B7}"
EndProject
Project("{FAE04EC0-301F-11D3-BF4B-00C04F79EFBC}") = "Lesson6", "Lesson6\Lesson6.csproj", "{5643226F-A8F1-453B-B5E7-F6655FA4479D}"
EndProject
Project("{2150E333-8FDC-42A3-9474-1A3956D46DE8}") = "Console-Application", "Console-Application", "{E8B078FD-E825-4C86-BE95-07ED7A0BDB37}"
EndProject
Project("{2150E333-8FDC-42A3-9474-1A3956D46DE8}") = "Winform", "Winform", "{7D986A81-03C9-4E06-A201-ACE5F98DFB27}"
EndProject
Project("{FAE04EC0-301F-11D3-BF4B-00C04F79EFBC}") = "Lesson7", "Lesson7\Lesson7.csproj", "{D8A2879C-8052-43CD-8EC9-23F3B012E7E0}"
EndProject
Project("{FAE04EC0-301F-11D3-BF4B-00C04F79EFBC}") = "BookCoreLibrary", "BookCoreLibrary\BookCoreLibrary.csproj", "{A3183A71-C012-4BC2-9237-75D21CF655C5}"
EndProject
Project("{2150E333-8FDC-42A3-9474-1A3956D46DE8}") = "Winform UI Library", "Winform UI Library", "{AB141653-9469-4D77-84FF-37FA2407DA83}"
EndProject
Project("{2150E333-8FDC-42A3-9474-1A3956D46DE8}") = "WPF", "WPF", "{01C9337F-D5C5-4BAA-901B-B399D1D39EE0}"
EndProject
Project("{FAE04EC0-301F-11D3-BF4B-00C04F79EFBC}") = "Lesson1", "Lesson1\Lesson1.csproj", "{5FA9FFD3-15ED-4BEB-A84A-E2D167C81951}"
EndProject
Global
	GlobalSection(SolutionConfigurationPlatforms) = preSolution
		Debug|Any CPU = Debug|Any CPU
		Release|Any CPU = Release|Any CPU
	EndGlobalSection
	GlobalSection(ProjectConfigurationPlatforms) = postSolution
		{F6E71100-EF5D-407B-8DF5-7B1CC61E6343}.Debug|Any CPU.ActiveCfg = Debug|Any CPU
		{F6E71100-EF5D-407B-8DF5-7B1CC61E6343}.Debug|Any CPU.Build.0 = Debug|Any CPU
		{F6E71100-EF5D-407B-8DF5-7B1CC61E6343}.Release|Any CPU.ActiveCfg = Release|Any CPU
		{F6E71100-EF5D-407B-8DF5-7B1CC61E6343}.Release|Any CPU.Build.0 = Release|Any CPU
		{A8C49CA6-C254-4A2E-B9E4-9773E7D01F0E}.Debug|Any CPU.ActiveCfg = Debug|Any CPU
		{A8C49CA6-C254-4A2E-B9E4-9773E7D01F0E}.Debug|Any CPU.Build.0 = Debug|Any CPU
		{A8C49CA6-C254-4A2E-B9E4-9773E7D01F0E}.Release|Any CPU.ActiveCfg = Release|Any CPU
		{A8C49CA6-C254-4A2E-B9E4-9773E7D01F0E}.Release|Any CPU.Build.0 = Release|Any CPU
		{7373E4FC-1002-4772-98DD-326D7775FF61}.Debug|Any CPU.ActiveCfg = Debug|Any CPU
		{7373E4FC-1002-4772-98DD-326D7775FF61}.Debug|Any CPU.Build.0 = Debug|Any CPU
		{7373E4FC-1002-4772-98DD-326D7775FF61}.Release|Any CPU.ActiveCfg = Release|Any CPU
		{7373E4FC-1002-4772-98DD-326D7775FF61}.Release|Any CPU.Build.0 = Release|Any CPU
		{E4D2CE21-9A80-4D13-9CBC-093CF287E0B7}.Debug|Any CPU.ActiveCfg = Debug|Any CPU
		{E4D2CE21-9A80-4D13-9CBC-093CF287E0B7}.Debug|Any CPU.Build.0 = Debug|Any CPU
		{E4D2CE21-9A80-4D13-9CBC-093CF287E0B7}.Release|Any CPU.ActiveCfg = Release|Any CPU
		{E4D2CE21-9A80-4D13-9CBC-093CF287E0B7}.Release|Any CPU.Build.0 = Release|Any CPU
		{5643226F-A8F1-453B-B5E7-F6655FA4479D}.Debug|Any CPU.ActiveCfg = Debug|Any CPU
		{5643226F-A8F1-453B-B5E7-F6655FA4479D}.Debug|Any CPU.Build.0 = Debug|Any CPU
		{5643226F-A8F1-453B-B5E7-F6655FA4479D}.Release|Any CPU.ActiveCfg = Release|Any CPU
		{5643226F-A8F1-453B-B5E7-F6655FA4479D}.Release|Any CPU.Build.0 = Release|Any CPU
		{D8A2879C-8052-43CD-8EC9-23F3B012E7E0}.Debug|Any CPU.ActiveCfg = Debug|Any CPU
		{D8A2879C-8052-43CD-8EC9-23F3B012E7E0}.Debug|Any CPU.Build.0 = Debug|Any CPU
		{D8A2879C-8052-43CD-8EC9-23F3B012E7E0}.Release|Any CPU.ActiveCfg = Release|Any CPU
		{D8A2879C-8052-43CD-8EC9-23F3B012E7E0}.Release|Any CPU.Build.0 = Release|Any CPU
		{A3183A71-C012-4BC2-9237-75D21CF655C5}.Debug|Any CPU.ActiveCfg = Debug|Any CPU
		{A3183A71-C012-4BC2-9237-75D21CF655C5}.Debug|Any CPU.Build.0 = Debug|Any CPU
		{A3183A71-C012-4BC2-9237-75D21CF655C5}.Release|Any CPU.ActiveCfg = Release|Any CPU
		{A3183A71-C012-4BC2-9237-75D21CF655C5}.Release|Any CPU.Build.0 = Release|Any CPU
		{5FA9FFD3-15ED-4BEB-A84A-E2D167C81951}.Debug|Any CPU.ActiveCfg = Debug|Any CPU
		{5FA9FFD3-15ED-4BEB-A84A-E2D167C81951}.Debug|Any CPU.Build.0 = Debug|Any CPU
		{5FA9FFD3-15ED-4BEB-A84A-E2D167C81951}.Release|Any CPU.ActiveCfg = Release|Any CPU
		{5FA9FFD3-15ED-4BEB-A84A-E2D167C81951}.Release|Any CPU.Build.0 = Release|Any CPU
	EndGlobalSection
	GlobalSection(SolutionProperties) = preSolution
		HideSolutionNode = FALSE
	EndGlobalSection
	GlobalSection(NestedProjects) = preSolution
		{F6E71100-EF5D-407B-8DF5-7B1CC61E6343} = {E8B078FD-E825-4C86-BE95-07ED7A0BDB37}
		{A8C49CA6-C254-4A2E-B9E4-9773E7D01F0E} = {E8B078FD-E825-4C86-BE95-07ED7A0BDB37}
		{7373E4FC-1002-4772-98DD-326D7775FF61} = {E8B078FD-E825-4C86-BE95-07ED7A0BDB37}
		{E4D2CE21-9A80-4D13-9CBC-093CF287E0B7} = {E8B078FD-E825-4C86-BE95-07ED7A0BDB37}
		{5643226F-A8F1-453B-B5E7-F6655FA4479D} = {E8B078FD-E825-4C86-BE95-07ED7A0BDB37}
		{D8A2879C-8052-43CD-8EC9-23F3B012E7E0} = {7D986A81-03C9-4E06-A201-ACE5F98DFB27}
		{A3183A71-C012-4BC2-9237-75D21CF655C5} = {7D986A81-03C9-4E06-A201-ACE5F98DFB27}
		{5FA9FFD3-15ED-4BEB-A84A-E2D167C81951} = {E8B078FD-E825-4C86-BE95-07ED7A0BDB37}
	EndGlobalSection
	GlobalSection(ExtensibilityGlobals) = postSolution
		SolutionGuid = {97DCBA7A-5CBA-4854-B2BC-C72720EC5E62}
	EndGlobalSection
EndGlobal
